
Microsoft Visual Studio Solution File, Format Version 12.00
# Visual Studio 15
VisualStudioVersion = 15.0.26730.3
MinimumVisualStudioVersion = 10.0.40219.1
Project("{FAE04EC0-301F-11D3-BF4B-00C04F79EFBC}") = "ChessComSharp", "ChessComSharp\ChessComSharp.csproj", "{9CF69F05-8874-44E4-AD3C-E79588432758}"
EndProject
Global
	GlobalSection(SolutionConfigurationPlatforms) = preSolution
		Debug|Any CPU = Debug|Any CPU
		Release|Any CPU = Release|Any CPU
	EndGlobalSection
	GlobalSection(ProjectConfigurationPlatforms) = postSolution
		{9CF69F05-8874-44E4-AD3C-E79588432758}.Debug|Any CPU.ActiveCfg = Debug|Any CPU
		{9CF69F05-8874-44E4-AD3C-E79588432758}.Debug|Any CPU.Build.0 = Debug|Any CPU
		{9CF69F05-8874-44E4-AD3C-E79588432758}.Release|Any CPU.ActiveCfg = Release|Any CPU
		{9CF69F05-8874-44E4-AD3C-E79588432758}.Release|Any CPU.Build.0 = Release|Any CPU
	EndGlobalSection
	GlobalSection(SolutionProperties) = preSolution
		HideSolutionNode = FALSE
	EndGlobalSection
	GlobalSection(ExtensibilityGlobals) = postSolution
		SolutionGuid = {0FB77A7B-2D1D-4B70-978C-1D5F63A41A72}
	EndGlobalSection
EndGlobal
